
Microsoft Visual Studio Solution File, Format Version 12.00
# Visual Studio Version 16
VisualStudioVersion = 16.0.30320.27
MinimumVisualStudioVersion = 10.0.40219.1
Project("{FAE04EC0-301F-11D3-BF4B-00C04F79EFBC}") = "ExceptionPractice", "ExceptionPractice.csproj", "{B24042D1-A0AE-4DDB-8BE5-0D1E6256EFB4}"
EndProject
Global
	GlobalSection(SolutionConfigurationPlatforms) = preSolution
		Debug|Any CPU = Debug|Any CPU
		Release|Any CPU = Release|Any CPU
	EndGlobalSection
	GlobalSection(ProjectConfigurationPlatforms) = postSolution
		{B24042D1-A0AE-4DDB-8BE5-0D1E6256EFB4}.Debug|Any CPU.ActiveCfg = Debug|Any CPU
		{B24042D1-A0AE-4DDB-8BE5-0D1E6256EFB4}.Debug|Any CPU.Build.0 = Debug|Any CPU
		{B24042D1-A0AE-4DDB-8BE5-0D1E6256EFB4}.Release|Any CPU.ActiveCfg = Release|Any CPU
		{B24042D1-A0AE-4DDB-8BE5-0D1E6256EFB4}.Release|Any CPU.Build.0 = Release|Any CPU
	EndGlobalSection
	GlobalSection(SolutionProperties) = preSolution
		HideSolutionNode = FALSE
	EndGlobalSection
	GlobalSection(ExtensibilityGlobals) = postSolution
		SolutionGuid = {3BC268E0-C66E-4C0B-9F1E-543A0E79C9B8}
	EndGlobalSection
EndGlobal
